
Microsoft Visual Studio Solution File, Format Version 12.00
Project("{FAE04EC0-301F-11D3-BF4B-00C04F79EFBC}") = "decision-wrapper-csharp", "decision-wrapper-csharp\decision-wrapper-csharp.csproj", "{CC68EC4F-0580-4307-ACD6-412B429A47A7}"
EndProject
Project("{FAE04EC0-301F-11D3-BF4B-00C04F79EFBC}") = "test", "test\test.csproj", "{83BDBABA-B9EB-4229-B133-B7C3AD67822B}"
EndProject
Global
	GlobalSection(SolutionConfigurationPlatforms) = preSolution
		Debug|Any CPU = Debug|Any CPU
		Release|Any CPU = Release|Any CPU
	EndGlobalSection
	GlobalSection(ProjectConfigurationPlatforms) = postSolution
		{CC68EC4F-0580-4307-ACD6-412B429A47A7}.Debug|Any CPU.ActiveCfg = Debug|Any CPU
		{CC68EC4F-0580-4307-ACD6-412B429A47A7}.Debug|Any CPU.Build.0 = Debug|Any CPU
		{CC68EC4F-0580-4307-ACD6-412B429A47A7}.Release|Any CPU.ActiveCfg = Release|Any CPU
		{CC68EC4F-0580-4307-ACD6-412B429A47A7}.Release|Any CPU.Build.0 = Release|Any CPU
		{83BDBABA-B9EB-4229-B133-B7C3AD67822B}.Debug|Any CPU.ActiveCfg = Debug|Any CPU
		{83BDBABA-B9EB-4229-B133-B7C3AD67822B}.Debug|Any CPU.Build.0 = Debug|Any CPU
		{83BDBABA-B9EB-4229-B133-B7C3AD67822B}.Release|Any CPU.ActiveCfg = Release|Any CPU
		{83BDBABA-B9EB-4229-B133-B7C3AD67822B}.Release|Any CPU.Build.0 = Release|Any CPU
	EndGlobalSection
EndGlobal
